
Microsoft Visual Studio Solution File, Format Version 12.00
# Visual Studio Version 17
VisualStudioVersion = 17.11.35312.102
MinimumVisualStudioVersion = 10.0.40219.1
Project("{2150E333-8FDC-42A3-9474-1A3956D46DE8}") = "1 - Api", "1 - Api", "{8460A74D-3C6A-499B-A8E6-076030C9990C}"
EndProject
Project("{2150E333-8FDC-42A3-9474-1A3956D46DE8}") = "2 - Application", "2 - Application", "{3A3E1D5C-6FB7-4CA2-BF35-C6E1A2D9386F}"
EndProject
Project("{2150E333-8FDC-42A3-9474-1A3956D46DE8}") = "3 - Domain", "3 - Domain", "{A1F01D1E-0E89-4669-BE82-7230763FEAB5}"
EndProject
Project("{2150E333-8FDC-42A3-9474-1A3956D46DE8}") = "4 - Infra", "4 - Infra", "{1E46B010-7817-4B55-9EC2-94FF528D8022}"
EndProject
Project("{2150E333-8FDC-42A3-9474-1A3956D46DE8}") = "4.1 - Data", "4.1 - Data", "{973B1EEA-E735-45AA-AD5B-0D366DAC72D2}"
EndProject
Project("{2150E333-8FDC-42A3-9474-1A3956D46DE8}") = "4.2 - IOC", "4.2 - IOC", "{9EBA8971-BE90-4FFD-A5DC-D7CDAD60C75F}"
EndProject
Project("{9A19103F-16F7-4668-BE54-9A1E7A4F7556}") = "TJRJ.Domain", "src\TJRJ.Domain\TJRJ.Domain.csproj", "{CAF16069-1ACF-433A-82A8-783A0E640A4D}"
EndProject
Project("{FAE04EC0-301F-11D3-BF4B-00C04F79EFBC}") = "TJRJ.Infra.Data", "src\TJRJ.Infra.Data\TJRJ.Infra.Data.csproj", "{320ED3DB-C3BF-43C3-A81F-8E1A702886C8}"
EndProject
Project("{FAE04EC0-301F-11D3-BF4B-00C04F79EFBC}") = "TJRJ.Api", "src\TJRJ.Api\TJRJ.Api.csproj", "{77401488-9D0A-49B7-B1A0-88FC81D23310}"
EndProject
Project("{FAE04EC0-301F-11D3-BF4B-00C04F79EFBC}") = "TJRJ.Application", "src\TJRJ.Application\TJRJ.Application.csproj", "{62FFB53C-5D64-4E93-9211-3A228E4AD49D}"
EndProject
Project("{FAE04EC0-301F-11D3-BF4B-00C04F79EFBC}") = "TJRJ.Ioc", "src\TJRJ.Ioc\TJRJ.Ioc.csproj", "{45DB7708-450C-4131-8D67-1B6E3DCC3135}"
EndProject
Global
	GlobalSection(SolutionConfigurationPlatforms) = preSolution
		Debug|Any CPU = Debug|Any CPU
		Release|Any CPU = Release|Any CPU
	EndGlobalSection
	GlobalSection(ProjectConfigurationPlatforms) = postSolution
		{CAF16069-1ACF-433A-82A8-783A0E640A4D}.Debug|Any CPU.ActiveCfg = Debug|Any CPU
		{CAF16069-1ACF-433A-82A8-783A0E640A4D}.Debug|Any CPU.Build.0 = Debug|Any CPU
		{CAF16069-1ACF-433A-82A8-783A0E640A4D}.Release|Any CPU.ActiveCfg = Release|Any CPU
		{CAF16069-1ACF-433A-82A8-783A0E640A4D}.Release|Any CPU.Build.0 = Release|Any CPU
		{320ED3DB-C3BF-43C3-A81F-8E1A702886C8}.Debug|Any CPU.ActiveCfg = Debug|Any CPU
		{320ED3DB-C3BF-43C3-A81F-8E1A702886C8}.Debug|Any CPU.Build.0 = Debug|Any CPU
		{320ED3DB-C3BF-43C3-A81F-8E1A702886C8}.Release|Any CPU.ActiveCfg = Release|Any CPU
		{320ED3DB-C3BF-43C3-A81F-8E1A702886C8}.Release|Any CPU.Build.0 = Release|Any CPU
		{77401488-9D0A-49B7-B1A0-88FC81D23310}.Debug|Any CPU.ActiveCfg = Debug|Any CPU
		{77401488-9D0A-49B7-B1A0-88FC81D23310}.Debug|Any CPU.Build.0 = Debug|Any CPU
		{77401488-9D0A-49B7-B1A0-88FC81D23310}.Release|Any CPU.ActiveCfg = Release|Any CPU
		{77401488-9D0A-49B7-B1A0-88FC81D23310}.Release|Any CPU.Build.0 = Release|Any CPU
		{62FFB53C-5D64-4E93-9211-3A228E4AD49D}.Debug|Any CPU.ActiveCfg = Debug|Any CPU
		{62FFB53C-5D64-4E93-9211-3A228E4AD49D}.Debug|Any CPU.Build.0 = Debug|Any CPU
		{62FFB53C-5D64-4E93-9211-3A228E4AD49D}.Release|Any CPU.ActiveCfg = Release|Any CPU
		{62FFB53C-5D64-4E93-9211-3A228E4AD49D}.Release|Any CPU.Build.0 = Release|Any CPU
		{45DB7708-450C-4131-8D67-1B6E3DCC3135}.Debug|Any CPU.ActiveCfg = Debug|Any CPU
		{45DB7708-450C-4131-8D67-1B6E3DCC3135}.Debug|Any CPU.Build.0 = Debug|Any CPU
		{45DB7708-450C-4131-8D67-1B6E3DCC3135}.Release|Any CPU.ActiveCfg = Release|Any CPU
		{45DB7708-450C-4131-8D67-1B6E3DCC3135}.Release|Any CPU.Build.0 = Release|Any CPU
	EndGlobalSection
	GlobalSection(SolutionProperties) = preSolution
		HideSolutionNode = FALSE
	EndGlobalSection
	GlobalSection(NestedProjects) = preSolution
		{973B1EEA-E735-45AA-AD5B-0D366DAC72D2} = {1E46B010-7817-4B55-9EC2-94FF528D8022}
		{9EBA8971-BE90-4FFD-A5DC-D7CDAD60C75F} = {1E46B010-7817-4B55-9EC2-94FF528D8022}
		{CAF16069-1ACF-433A-82A8-783A0E640A4D} = {A1F01D1E-0E89-4669-BE82-7230763FEAB5}
		{320ED3DB-C3BF-43C3-A81F-8E1A702886C8} = {973B1EEA-E735-45AA-AD5B-0D366DAC72D2}
		{77401488-9D0A-49B7-B1A0-88FC81D23310} = {8460A74D-3C6A-499B-A8E6-076030C9990C}
		{62FFB53C-5D64-4E93-9211-3A228E4AD49D} = {3A3E1D5C-6FB7-4CA2-BF35-C6E1A2D9386F}
		{45DB7708-450C-4131-8D67-1B6E3DCC3135} = {9EBA8971-BE90-4FFD-A5DC-D7CDAD60C75F}
	EndGlobalSection
	GlobalSection(ExtensibilityGlobals) = postSolution
		SolutionGuid = {9144C550-810B-4BAC-8B6C-C4BE81C7B46D}
	EndGlobalSection
EndGlobal
